
Microsoft Visual Studio Solution File, Format Version 11.00
# Visual Studio 2010
Project("{FAE04EC0-301F-11D3-BF4B-00C04F79EFBC}") = "Assembly-CSharp", "Assembly-CSharp.csproj", "{868EDA4D-4D0E-C93C-3412-AFF7E73DE688}"
EndProject
Project("{FAE04EC0-301F-11D3-BF4B-00C04F79EFBC}") = "Assembly-CSharp-Editor", "Assembly-CSharp-Editor.csproj", "{1C199DBA-37A9-BF37-84E0-8147869F00E1}"
EndProject
Project("{FAE04EC0-301F-11D3-BF4B-00C04F79EFBC}") = "EditorMigrationScripts", "EditorMigrationScripts.csproj", "{9311B0FD-607E-C9C0-30C4-3C5BC51E675F}"
EndProject
Global
	GlobalSection(SolutionConfigurationPlatforms) = preSolution
		Debug|Any CPU = Debug|Any CPU
		Release|Any CPU = Release|Any CPU
	EndGlobalSection
	GlobalSection(ProjectConfigurationPlatforms) = postSolution
		{868EDA4D-4D0E-C93C-3412-AFF7E73DE688}.Debug|Any CPU.ActiveCfg = Debug|Any CPU
		{868EDA4D-4D0E-C93C-3412-AFF7E73DE688}.Debug|Any CPU.Build.0 = Debug|Any CPU
		{868EDA4D-4D0E-C93C-3412-AFF7E73DE688}.Release|Any CPU.ActiveCfg = Release|Any CPU
		{868EDA4D-4D0E-C93C-3412-AFF7E73DE688}.Release|Any CPU.Build.0 = Release|Any CPU
		{1C199DBA-37A9-BF37-84E0-8147869F00E1}.Debug|Any CPU.ActiveCfg = Debug|Any CPU
		{1C199DBA-37A9-BF37-84E0-8147869F00E1}.Debug|Any CPU.Build.0 = Debug|Any CPU
		{1C199DBA-37A9-BF37-84E0-8147869F00E1}.Release|Any CPU.ActiveCfg = Release|Any CPU
		{1C199DBA-37A9-BF37-84E0-8147869F00E1}.Release|Any CPU.Build.0 = Release|Any CPU
		{9311B0FD-607E-C9C0-30C4-3C5BC51E675F}.Debug|Any CPU.ActiveCfg = Debug|Any CPU
		{9311B0FD-607E-C9C0-30C4-3C5BC51E675F}.Debug|Any CPU.Build.0 = Debug|Any CPU
		{9311B0FD-607E-C9C0-30C4-3C5BC51E675F}.Release|Any CPU.ActiveCfg = Release|Any CPU
		{9311B0FD-607E-C9C0-30C4-3C5BC51E675F}.Release|Any CPU.Build.0 = Release|Any CPU
	EndGlobalSection
	GlobalSection(SolutionProperties) = preSolution
		HideSolutionNode = FALSE
	EndGlobalSection
EndGlobal
