
Microsoft Visual Studio Solution File, Format Version 11.00
# Visual Studio 2010
Project("{FAE04EC0-301F-11D3-BF4B-00C04F79EFBC}") = "Assembly-CSharp", "Assembly-CSharp.csproj", "{4dda8e86-0e4d-3cc9-3412-aff7e73de688}"
EndProject
Project("{FAE04EC0-301F-11D3-BF4B-00C04F79EFBC}") = "EditorMigrationScripts", "EditorMigrationScripts.csproj", "{fdb01193-7e60-c0c9-30c4-3c5bc51e675f}"
EndProject
Global
	GlobalSection(SolutionConfigurationPlatforms) = preSolution
		Debug|Any CPU = Debug|Any CPU
		Release|Any CPU = Release|Any CPU
	EndGlobalSection
	GlobalSection(ProjectConfigurationPlatforms) = postSolution
		{4dda8e86-0e4d-3cc9-3412-aff7e73de688}.Debug|Any CPU.ActiveCfg = Debug|Any CPU
		{4dda8e86-0e4d-3cc9-3412-aff7e73de688}.Debug|Any CPU.Build.0 = Debug|Any CPU
		{4dda8e86-0e4d-3cc9-3412-aff7e73de688}.Release|Any CPU.ActiveCfg = Release|Any CPU
		{4dda8e86-0e4d-3cc9-3412-aff7e73de688}.Release|Any CPU.Build.0 = Release|Any CPU
		{fdb01193-7e60-c0c9-30c4-3c5bc51e675f}.Debug|Any CPU.ActiveCfg = Debug|Any CPU
		{fdb01193-7e60-c0c9-30c4-3c5bc51e675f}.Debug|Any CPU.Build.0 = Debug|Any CPU
		{fdb01193-7e60-c0c9-30c4-3c5bc51e675f}.Release|Any CPU.ActiveCfg = Release|Any CPU
		{fdb01193-7e60-c0c9-30c4-3c5bc51e675f}.Release|Any CPU.Build.0 = Release|Any CPU
	EndGlobalSection
	GlobalSection(SolutionProperties) = preSolution
		HideSolutionNode = FALSE
	EndGlobalSection
EndGlobal
